<?xml version="1.0" encoding="utf-8"?>
<Project ToolsVersion="4.0" xmlns="http://schemas.microsoft.com/developer/msbuild/2003">
  <ItemGroup>
    <Filter Include="Source Files">
      <UniqueIdentifier>{4FC737F1-C7A5-4376-A066-2A32D752A2FF}</UniqueIdentifier>
      <Extensions>cpp;c;cc;cxx;def;odl;idl;hpj;bat;asm;asmx</Extensions>
    </Filter>
    <Filter Include="Header Files">
      <UniqueIdentifier>{93995380-89BD-4b04-88EB-625FBE52EBFB}</UniqueIdentifier>
      <Extensions>h;hh;hpp;hxx;hm;inl;inc;xsd</Extensions>
    </Filter>
    <Filter Include="Resource Files">
      <UniqueIdentifier>{67DA6AB6-F800-4c08-8B7A-83BB121AAD01}</UniqueIdentifier>
      <Extensions>rc;ico;cur;bmp;dlg;rc2;rct;bin;rgs;gif;jpg;jpeg;jpe;resx;tiff;tif;png;wav;mfcribbon-ms</Extensions>
    </Filter>
    <Filter Include="Header Files\Definition">
      <UniqueIdentifier>{11f25ed1-c954-48cf-916e-5f94b5b17cbf}</UniqueIdentifier>
    </Filter>
    <Filter Include="Header Files\Pokemon">
      <UniqueIdentifier>{82b52339-240a-463e-ac8a-d04265e43e80}</UniqueIdentifier>
    </Filter>
    <Filter Include="Source Files\Pokemon">
      <UniqueIdentifier>{cb64e2a7-8f5d-4239-8a2d-27a570e86ba9}</UniqueIdentifier>
    </Filter>
    <Filter Include="Header Files\Players">
      <UniqueIdentifier>{908441b4-ba24-4c00-91c8-29194589d277}</UniqueIdentifier>
    </Filter>
    <Filter Include="Source Files\Players">
      <UniqueIdentifier>{c651c27e-46c4-4b33-8e9b-3aadb928d427}</UniqueIdentifier>
    </Filter>
    <Filter Include="Tests">
      <UniqueIdentifier>{aaba1a71-f0e3-4288-ae19-0c884a559638}</UniqueIdentifier>
    </Filter>
  </ItemGroup>
  <ItemGroup>
    <ClCompile Include="main.cpp">
      <Filter>Source Files</Filter>
    </ClCompile>
    <ClCompile Include="GameInstance.cpp">
      <Filter>Source Files</Filter>
    </ClCompile>
    <ClCompile Include="PokemonPikachu.cpp">
      <Filter>Source Files\Pokemon</Filter>
    </ClCompile>
    <ClCompile Include="PokemonBase.cpp">
      <Filter>Source Files\Pokemon</Filter>
    </ClCompile>
    <ClCompile Include="PokemonMove.cpp">
      <Filter>Source Files\Pokemon</Filter>
    </ClCompile>
    <ClCompile Include="PokemonMagikarp.cpp">
      <Filter>Source Files\Pokemon</Filter>
    </ClCompile>
    <ClCompile Include="Player.cpp">
      <Filter>Source Files\Players</Filter>
    </ClCompile>
    <ClCompile Include="PlayerConsole.cpp">
      <Filter>Source Files\Players</Filter>
    </ClCompile>
    <ClCompile Include="PlayerRandom.cpp">
      <Filter>Source Files\Players</Filter>
    </ClCompile>
    <ClCompile Include="PlayerCBR.cpp">
      <Filter>Source Files\Players</Filter>
    </ClCompile>
    <ClCompile Include="Tests.cpp">
      <Filter>Tests</Filter>
    </ClCompile>
    <ClCompile Include="PlayerDeterministic.cpp">
      <Filter>Source Files\Players</Filter>
    </ClCompile>
    <ClCompile Include="PokemonMareep.cpp">
      <Filter>Source Files</Filter>
    </ClCompile>
  </ItemGroup>
  <ItemGroup>
    <ClInclude Include="GameInstance.h">
      <Filter>Header Files</Filter>
    </ClInclude>
    <ClInclude Include="MoveOptions.h">
      <Filter>Header Files\Definition</Filter>
    </ClInclude>
    <ClInclude Include="TypeOptions.h">
      <Filter>Header Files\Definition</Filter>
    </ClInclude>
    <ClInclude Include="PokemonBase.h">
      <Filter>Header Files\Pokemon</Filter>
    </ClInclude>
    <ClInclude Include="PokemonPikachu.h">
      <Filter>Header Files\Pokemon</Filter>
    </ClInclude>
    <ClInclude Include="PokemonMove.h">
      <Filter>Header Files\Pokemon</Filter>
    </ClInclude>
    <ClInclude Include="Player.h">
      <Filter>Header Files\Players</Filter>
    </ClInclude>
    <ClInclude Include="PlayerConsole.h">
      <Filter>Header Files\Players</Filter>
    </ClInclude>
    <ClInclude Include="PlayerCBR.h">
      <Filter>Header Files\Players</Filter>
    </ClInclude>
    <ClInclude Include="PlayerRandom.h">
      <Filter>Header Files\Players</Filter>
    </ClInclude>
    <ClInclude Include="Tests.h">
      <Filter>Tests</Filter>
    </ClInclude>
    <ClInclude Include="PlayerDeterministic.h">
      <Filter>Header Files\Players</Filter>
    </ClInclude>
    <ClInclude Include="PokemonMagikarp.h">
      <Filter>Header Files\Pokemon</Filter>
    </ClInclude>
    <ClInclude Include="PokemonMareep.h">
      <Filter>Header Files</Filter>
    </ClInclude>
  </ItemGroup>
  <ItemGroup>
    <None Include="ClassDiagram.cd" />
  </ItemGroup>
</Project>