<?xml version="1.0" encoding="utf-8"?>
<Project ToolsVersion="4.0" xmlns="http://schemas.microsoft.com/developer/msbuild/2003">
  <ItemGroup>
    <Filter Include="Source Files">
      <UniqueIdentifier>{4FC737F1-C7A5-4376-A066-2A32D752A2FF}</UniqueIdentifier>
      <Extensions>cpp;c;cc;cxx;def;odl;idl;hpj;bat;asm;asmx</Extensions>
    </Filter>
    <Filter Include="Header Files">
      <UniqueIdentifier>{93995380-89BD-4b04-88EB-625FBE52EBFB}</UniqueIdentifier>
      <Extensions>h;hh;hpp;hxx;hm;inl;inc;xsd</Extensions>
    </Filter>
    <Filter Include="Resource Files">
      <UniqueIdentifier>{67DA6AB6-F800-4c08-8B7A-83BB121AAD01}</UniqueIdentifier>
      <Extensions>rc;ico;cur;bmp;dlg;rc2;rct;bin;rgs;gif;jpg;jpeg;jpe;resx;tiff;tif;png;wav;mfcribbon-ms</Extensions>
    </Filter>
    <Filter Include="Source Files\AI">
      <UniqueIdentifier>{cd65a52e-bbe5-47da-9418-4e8afdd8bdaa}</UniqueIdentifier>
    </Filter>
    <Filter Include="Source Files\CBR">
      <UniqueIdentifier>{1c9efb35-7a04-4dc0-9dd6-6e19f4f9ce98}</UniqueIdentifier>
    </Filter>
    <Filter Include="Header Files\AI">
      <UniqueIdentifier>{f3bb770c-28ff-47da-86a7-da96c849328e}</UniqueIdentifier>
    </Filter>
    <Filter Include="Header Files\CBR">
      <UniqueIdentifier>{f8200824-6971-4f26-accd-768dd0dce6d4}</UniqueIdentifier>
    </Filter>
    <Filter Include="Header Files\Entity">
      <UniqueIdentifier>{0277e931-0014-4ead-b4de-9203fdbf978f}</UniqueIdentifier>
    </Filter>
    <Filter Include="Header Files\Item">
      <UniqueIdentifier>{a803f84c-e607-47fd-a60c-79b88ea3f41b}</UniqueIdentifier>
    </Filter>
    <Filter Include="Source Files\Entity">
      <UniqueIdentifier>{3f657fbb-c6e7-46f5-8964-c04120a2cd6a}</UniqueIdentifier>
    </Filter>
    <Filter Include="Source Files\Item">
      <UniqueIdentifier>{42875a36-6df6-476a-af90-7b45d507e305}</UniqueIdentifier>
    </Filter>
  </ItemGroup>
  <ItemGroup>
    <ClCompile Include="GameManager.cpp">
      <Filter>Source Files</Filter>
    </ClCompile>
    <ClCompile Include="main.cpp">
      <Filter>Source Files</Filter>
    </ClCompile>
    <ClCompile Include="World.cpp">
      <Filter>Source Files</Filter>
    </ClCompile>
    <ClCompile Include="AIAction.cpp">
      <Filter>Source Files\AI</Filter>
    </ClCompile>
    <ClCompile Include="AIActionMove.cpp">
      <Filter>Source Files\AI</Filter>
    </ClCompile>
    <ClCompile Include="CBRCase.cpp">
      <Filter>Source Files\CBR</Filter>
    </ClCompile>
    <ClCompile Include="CBRDiskManager.cpp">
      <Filter>Source Files\CBR</Filter>
    </ClCompile>
    <ClCompile Include="CBREnvironment.cpp">
      <Filter>Source Files\CBR</Filter>
    </ClCompile>
    <ClCompile Include="CBRInstance.cpp">
      <Filter>Source Files\CBR</Filter>
    </ClCompile>
    <ClCompile Include="Entity.cpp">
      <Filter>Source Files\Entity</Filter>
    </ClCompile>
    <ClCompile Include="EntityLiving.cpp">
      <Filter>Source Files\Entity</Filter>
    </ClCompile>
    <ClCompile Include="EntityPlayer.cpp">
      <Filter>Source Files\Entity</Filter>
    </ClCompile>
    <ClCompile Include="Item.cpp">
      <Filter>Source Files\Item</Filter>
    </ClCompile>
    <ClCompile Include="ItemRayCaster.cpp">
      <Filter>Source Files\Item</Filter>
    </ClCompile>
    <ClCompile Include="EntityWolf.cpp">
      <Filter>Source Files\Entity</Filter>
    </ClCompile>
    <ClCompile Include="EntityHerd.cpp">
      <Filter>Source Files\Entity</Filter>
    </ClCompile>
    <ClCompile Include="Vector.cpp">
      <Filter>Source Files</Filter>
    </ClCompile>
  </ItemGroup>
  <ItemGroup>
    <ClInclude Include="GameManager.h">
      <Filter>Header Files</Filter>
    </ClInclude>
    <ClInclude Include="Vector.h">
      <Filter>Header Files</Filter>
    </ClInclude>
    <ClInclude Include="World.h">
      <Filter>Header Files</Filter>
    </ClInclude>
    <ClInclude Include="AIAction.h">
      <Filter>Header Files\AI</Filter>
    </ClInclude>
    <ClInclude Include="AIActionMove.h">
      <Filter>Header Files\AI</Filter>
    </ClInclude>
    <ClInclude Include="CBRWeight.h">
      <Filter>Header Files\CBR</Filter>
    </ClInclude>
    <ClInclude Include="CBRCase.h">
      <Filter>Header Files\CBR</Filter>
    </ClInclude>
    <ClInclude Include="CBRDiskManager.h">
      <Filter>Header Files\CBR</Filter>
    </ClInclude>
    <ClInclude Include="CBREnvironment.h">
      <Filter>Header Files\CBR</Filter>
    </ClInclude>
    <ClInclude Include="CBRInstance.h">
      <Filter>Header Files\CBR</Filter>
    </ClInclude>
    <ClInclude Include="Entity.h">
      <Filter>Header Files\Entity</Filter>
    </ClInclude>
    <ClInclude Include="EntityLiving.h">
      <Filter>Header Files\Entity</Filter>
    </ClInclude>
    <ClInclude Include="EntityPlayer.h">
      <Filter>Header Files\Entity</Filter>
    </ClInclude>
    <ClInclude Include="Item.h">
      <Filter>Header Files\Item</Filter>
    </ClInclude>
    <ClInclude Include="ItemRayCaster.h">
      <Filter>Header Files\Item</Filter>
    </ClInclude>
    <ClInclude Include="EntityWolf.h">
      <Filter>Header Files\Entity</Filter>
    </ClInclude>
    <ClInclude Include="EntityHerd.h">
      <Filter>Header Files\Entity</Filter>
    </ClInclude>
  </ItemGroup>
</Project>