<?xml version="1.0" encoding="utf-8"?>
<Project ToolsVersion="4.0" xmlns="http://schemas.microsoft.com/developer/msbuild/2003">
  <ItemGroup>
    <Filter Include="Source Files">
      <UniqueIdentifier>{4FC737F1-C7A5-4376-A066-2A32D752A2FF}</UniqueIdentifier>
      <Extensions>cpp;c;cc;cxx;def;odl;idl;hpj;bat;asm;asmx</Extensions>
    </Filter>
    <Filter Include="Header Files">
      <UniqueIdentifier>{93995380-89BD-4b04-88EB-625FBE52EBFB}</UniqueIdentifier>
      <Extensions>h;hh;hpp;hxx;hm;inl;inc;xsd</Extensions>
    </Filter>
    <Filter Include="Resource Files">
      <UniqueIdentifier>{67DA6AB6-F800-4c08-8B7A-83BB121AAD01}</UniqueIdentifier>
      <Extensions>rc;ico;cur;bmp;dlg;rc2;rct;bin;rgs;gif;jpg;jpeg;jpe;resx;tiff;tif;png;wav;mfcribbon-ms</Extensions>
    </Filter>
  </ItemGroup>
  <ItemGroup>
    <ClCompile Include="AIAction.cpp">
      <Filter>Source Files</Filter>
    </ClCompile>
    <ClCompile Include="AIActionLook.cpp">
      <Filter>Source Files</Filter>
    </ClCompile>
    <ClCompile Include="AIActionMove.cpp">
      <Filter>Source Files</Filter>
    </ClCompile>
    <ClCompile Include="AIActionShoot.cpp">
      <Filter>Source Files</Filter>
    </ClCompile>
    <ClCompile Include="CBRCase.cpp">
      <Filter>Source Files</Filter>
    </ClCompile>
    <ClCompile Include="CBRDiskManager.cpp">
      <Filter>Source Files</Filter>
    </ClCompile>
    <ClCompile Include="CBREnvironment.cpp">
      <Filter>Source Files</Filter>
    </ClCompile>
    <ClCompile Include="CBRInstance.cpp">
      <Filter>Source Files</Filter>
    </ClCompile>
    <ClCompile Include="Element.cpp">
      <Filter>Source Files</Filter>
    </ClCompile>
    <ClCompile Include="ElementButton.cpp">
      <Filter>Source Files</Filter>
    </ClCompile>
    <ClCompile Include="ElementLable.cpp">
      <Filter>Source Files</Filter>
    </ClCompile>
    <ClCompile Include="ElementTexture.cpp">
      <Filter>Source Files</Filter>
    </ClCompile>
    <ClCompile Include="Entity.cpp">
      <Filter>Source Files</Filter>
    </ClCompile>
    <ClCompile Include="EntityAI.cpp">
      <Filter>Source Files</Filter>
    </ClCompile>
    <ClCompile Include="EntityFlashBang.cpp">
      <Filter>Source Files</Filter>
    </ClCompile>
    <ClCompile Include="EntityFlashTurret.cpp">
      <Filter>Source Files</Filter>
    </ClCompile>
    <ClCompile Include="EntityGuard.cpp">
      <Filter>Source Files</Filter>
    </ClCompile>
    <ClCompile Include="EntityLiving.cpp">
      <Filter>Source Files</Filter>
    </ClCompile>
    <ClCompile Include="EntityPhysical.cpp">
      <Filter>Source Files</Filter>
    </ClCompile>
    <ClCompile Include="EntityPlayer.cpp">
      <Filter>Source Files</Filter>
    </ClCompile>
    <ClCompile Include="EntitySwordEffect.cpp">
      <Filter>Source Files</Filter>
    </ClCompile>
    <ClCompile Include="EntityTracerEffect.cpp">
      <Filter>Source Files</Filter>
    </ClCompile>
    <ClCompile Include="GameManager.cpp">
      <Filter>Source Files</Filter>
    </ClCompile>
    <ClCompile Include="Item.cpp">
      <Filter>Source Files</Filter>
    </ClCompile>
    <ClCompile Include="ItemBlinder.cpp">
      <Filter>Source Files</Filter>
    </ClCompile>
    <ClCompile Include="ItemFlashBang.cpp">
      <Filter>Source Files</Filter>
    </ClCompile>
    <ClCompile Include="ItemRayCaster.cpp">
      <Filter>Source Files</Filter>
    </ClCompile>
    <ClCompile Include="ItemRifle.cpp">
      <Filter>Source Files</Filter>
    </ClCompile>
    <ClCompile Include="ItemSMG.cpp">
      <Filter>Source Files</Filter>
    </ClCompile>
    <ClCompile Include="ItemSword.cpp">
      <Filter>Source Files</Filter>
    </ClCompile>
    <ClCompile Include="main.cpp">
      <Filter>Source Files</Filter>
    </ClCompile>
    <ClCompile Include="MainMenu.cpp">
      <Filter>Source Files</Filter>
    </ClCompile>
    <ClCompile Include="MenuBase.cpp">
      <Filter>Source Files</Filter>
    </ClCompile>
    <ClCompile Include="RenderFlashBang.cpp">
      <Filter>Source Files</Filter>
    </ClCompile>
    <ClCompile Include="ResourceManager.cpp">
      <Filter>Source Files</Filter>
    </ClCompile>
    <ClCompile Include="World.cpp">
      <Filter>Source Files</Filter>
    </ClCompile>
  </ItemGroup>
  <ItemGroup>
    <ClInclude Include="AIAction.h">
      <Filter>Header Files</Filter>
    </ClInclude>
    <ClInclude Include="AIActionLook.h">
      <Filter>Header Files</Filter>
    </ClInclude>
    <ClInclude Include="AIActionMove.h">
      <Filter>Header Files</Filter>
    </ClInclude>
    <ClInclude Include="AIActionShoot.h">
      <Filter>Header Files</Filter>
    </ClInclude>
    <ClInclude Include="CBRCase.h">
      <Filter>Header Files</Filter>
    </ClInclude>
    <ClInclude Include="CBRDiskManager.h">
      <Filter>Header Files</Filter>
    </ClInclude>
    <ClInclude Include="CBREnvironment.h">
      <Filter>Header Files</Filter>
    </ClInclude>
    <ClInclude Include="CBRInstance.h">
      <Filter>Header Files</Filter>
    </ClInclude>
    <ClInclude Include="CBRWeight.h">
      <Filter>Header Files</Filter>
    </ClInclude>
    <ClInclude Include="Element.h">
      <Filter>Header Files</Filter>
    </ClInclude>
    <ClInclude Include="ElementButton.h">
      <Filter>Header Files</Filter>
    </ClInclude>
    <ClInclude Include="ElementLable.h">
      <Filter>Header Files</Filter>
    </ClInclude>
    <ClInclude Include="ElementTexture.h">
      <Filter>Header Files</Filter>
    </ClInclude>
    <ClInclude Include="Entity.h">
      <Filter>Header Files</Filter>
    </ClInclude>
    <ClInclude Include="EntityAI.h">
      <Filter>Header Files</Filter>
    </ClInclude>
    <ClInclude Include="EntityFlashBang.h">
      <Filter>Header Files</Filter>
    </ClInclude>
    <ClInclude Include="EntityFlashTurret.h">
      <Filter>Header Files</Filter>
    </ClInclude>
    <ClInclude Include="EntityGuard.h">
      <Filter>Header Files</Filter>
    </ClInclude>
    <ClInclude Include="EntityLiving.h">
      <Filter>Header Files</Filter>
    </ClInclude>
    <ClInclude Include="EntityPhysical.h">
      <Filter>Header Files</Filter>
    </ClInclude>
    <ClInclude Include="EntityPlayer.h">
      <Filter>Header Files</Filter>
    </ClInclude>
    <ClInclude Include="EntitySwordEffect.h">
      <Filter>Header Files</Filter>
    </ClInclude>
    <ClInclude Include="EntityTracerEffect.h">
      <Filter>Header Files</Filter>
    </ClInclude>
    <ClInclude Include="GameManager.h">
      <Filter>Header Files</Filter>
    </ClInclude>
    <ClInclude Include="Item.h">
      <Filter>Header Files</Filter>
    </ClInclude>
    <ClInclude Include="ItemBlinder.h">
      <Filter>Header Files</Filter>
    </ClInclude>
    <ClInclude Include="ItemFlashBang.h">
      <Filter>Header Files</Filter>
    </ClInclude>
    <ClInclude Include="ItemRayCaster.h">
      <Filter>Header Files</Filter>
    </ClInclude>
    <ClInclude Include="ItemRifle.h">
      <Filter>Header Files</Filter>
    </ClInclude>
    <ClInclude Include="ItemSMG.h">
      <Filter>Header Files</Filter>
    </ClInclude>
    <ClInclude Include="ItemSword.h">
      <Filter>Header Files</Filter>
    </ClInclude>
    <ClInclude Include="MainMenu.h">
      <Filter>Header Files</Filter>
    </ClInclude>
    <ClInclude Include="MenuBase.h">
      <Filter>Header Files</Filter>
    </ClInclude>
    <ClInclude Include="RenderFlashBang.h">
      <Filter>Header Files</Filter>
    </ClInclude>
    <ClInclude Include="ResourceManager.h">
      <Filter>Header Files</Filter>
    </ClInclude>
    <ClInclude Include="Vector.h">
      <Filter>Header Files</Filter>
    </ClInclude>
    <ClInclude Include="World.h">
      <Filter>Header Files</Filter>
    </ClInclude>
  </ItemGroup>
</Project>